
Microsoft Visual Studio Solution File, Format Version 12.00
# Visual Studio Version 17
VisualStudioVersion = 17.5.002.0
MinimumVisualStudioVersion = 10.0.40219.1
Project("{9A19103F-16F7-4668-BE54-9A1E7A4F7556}") = "WebProje", "WebProje.csproj", "{722F6B17-6E86-452A-893A-69BBC27BBD1C}"
EndProject
Global
	GlobalSection(SolutionConfigurationPlatforms) = preSolution
		Debug|Any CPU = Debug|Any CPU
		Release|Any CPU = Release|Any CPU
	EndGlobalSection
	GlobalSection(ProjectConfigurationPlatforms) = postSolution
		{722F6B17-6E86-452A-893A-69BBC27BBD1C}.Debug|Any CPU.ActiveCfg = Debug|Any CPU
		{722F6B17-6E86-452A-893A-69BBC27BBD1C}.Debug|Any CPU.Build.0 = Debug|Any CPU
		{722F6B17-6E86-452A-893A-69BBC27BBD1C}.Release|Any CPU.ActiveCfg = Release|Any CPU
		{722F6B17-6E86-452A-893A-69BBC27BBD1C}.Release|Any CPU.Build.0 = Release|Any CPU
	EndGlobalSection
	GlobalSection(SolutionProperties) = preSolution
		HideSolutionNode = FALSE
	EndGlobalSection
	GlobalSection(ExtensibilityGlobals) = postSolution
		SolutionGuid = {C7715FCC-49F5-4EDB-940C-C2D80859CADB}
	EndGlobalSection
EndGlobal
